
Microsoft Visual Studio Solution File, Format Version 12.00
# Visual Studio Version 17
VisualStudioVersion = 17.0.32112.339
MinimumVisualStudioVersion = 10.0.40219.1
Project("{9A19103F-16F7-4668-BE54-9A1E7A4F7556}") = "Master", "Master\Master.csproj", "{5D1FF567-03CA-466B-8AB9-F1F16B9DD2CE}"
EndProject
Global
	GlobalSection(SolutionConfigurationPlatforms) = preSolution
		Debug|Any CPU = Debug|Any CPU
		Release|Any CPU = Release|Any CPU
	EndGlobalSection
	GlobalSection(ProjectConfigurationPlatforms) = postSolution
		{5D1FF567-03CA-466B-8AB9-F1F16B9DD2CE}.Debug|Any CPU.ActiveCfg = Debug|Any CPU
		{5D1FF567-03CA-466B-8AB9-F1F16B9DD2CE}.Debug|Any CPU.Build.0 = Debug|Any CPU
		{5D1FF567-03CA-466B-8AB9-F1F16B9DD2CE}.Release|Any CPU.ActiveCfg = Release|Any CPU
		{5D1FF567-03CA-466B-8AB9-F1F16B9DD2CE}.Release|Any CPU.Build.0 = Release|Any CPU
	EndGlobalSection
	GlobalSection(SolutionProperties) = preSolution
		HideSolutionNode = FALSE
	EndGlobalSection
	GlobalSection(ExtensibilityGlobals) = postSolution
		SolutionGuid = {3196C238-84D7-4F51-81C0-643EAE70283C}
	EndGlobalSection
EndGlobal
